
Microsoft Visual Studio Solution File, Format Version 12.00
# Visual Studio Version 17
VisualStudioVersion = 17.6.33801.468
MinimumVisualStudioVersion = 10.0.40219.1
Project("{9A19103F-16F7-4668-BE54-9A1E7A4F7556}") = "GarageManagerAPI", "GarageManagerAPI.csproj", "{AB40AA66-B04B-417C-BB54-160B06CF8515}"
EndProject
Global
	GlobalSection(SolutionConfigurationPlatforms) = preSolution
		Debug|Any CPU = Debug|Any CPU
		Release|Any CPU = Release|Any CPU
	EndGlobalSection
	GlobalSection(ProjectConfigurationPlatforms) = postSolution
		{AB40AA66-B04B-417C-BB54-160B06CF8515}.Debug|Any CPU.ActiveCfg = Debug|Any CPU
		{AB40AA66-B04B-417C-BB54-160B06CF8515}.Debug|Any CPU.Build.0 = Debug|Any CPU
		{AB40AA66-B04B-417C-BB54-160B06CF8515}.Release|Any CPU.ActiveCfg = Release|Any CPU
		{AB40AA66-B04B-417C-BB54-160B06CF8515}.Release|Any CPU.Build.0 = Release|Any CPU
	EndGlobalSection
	GlobalSection(SolutionProperties) = preSolution
		HideSolutionNode = FALSE
	EndGlobalSection
	GlobalSection(ExtensibilityGlobals) = postSolution
		SolutionGuid = {30FB012A-5E4D-4CC7-A3E3-D5063AB62173}
	EndGlobalSection
EndGlobal
